// !$*UTF8*$!
{
	archiveVersion = 1;
	classes = {
	};
	objectVersion = 46;
	objects = {

/* Begin PBXBuildFile section */
		BA7CFEAF199BC0F900D376F6 /* Foundation.framework in Frameworks */ = {isa = PBXBuildFile; fileRef = BA7CFEAE199BC0F900D376F6 /* Foundation.framework */; };
		BA7CFEB1199BC0F900D376F6 /* CoreGraphics.framework in Frameworks */ = {isa = PBXBuildFile; fileRef = BA7CFEB0199BC0F900D376F6 /* CoreGraphics.framework */; };
		BA7CFEB3199BC0F900D376F6 /* UIKit.framework in Frameworks */ = {isa = PBXBuildFile; fileRef = BA7CFEB2199BC0F900D376F6 /* UIKit.framework */; };
		BA7CFEB9199BC0F900D376F6 /* InfoPlist.strings in Resources */ = {isa = PBXBuildFile; fileRef = BA7CFEB7199BC0F900D376F6 /* InfoPlist.strings */; };
		BA7CFEBB199BC0F900D376F6 /* main.m in Sources */ = {isa = PBXBuildFile; fileRef = BA7CFEBA199BC0F900D376F6 /* main.m */; };
		BA7CFEBF199BC0F900D376F6 /* AppDelegate.m in Sources */ = {isa = PBXBuildFile; fileRef = BA7CFEBE199BC0F900D376F6 /* AppDelegate.m */; };
		BA7CFEC2199BC0F900D376F6 /* Main_iPhone.storyboard in Resources */ = {isa = PBXBuildFile; fileRef = BA7CFEC0199BC0F900D376F6 /* Main_iPhone.storyboard */; };
		BA7CFEC5199BC0F900D376F6 /* Main_iPad.storyboard in Resources */ = {isa = PBXBuildFile; fileRef = BA7CFEC3199BC0F900D376F6 /* Main_iPad.storyboard */; };
		BA7CFEC8199BC0F900D376F6 /* ViewController.m in Sources */ = {isa = PBXBuildFile; fileRef = BA7CFEC7199BC0F900D376F6 /* ViewController.m */; };
		BA7CFECA199BC0F900D376F6 /* Images.xcassets in Resources */ = {isa = PBXBuildFile; fileRef = BA7CFEC9199BC0F900D376F6 /* Images.xcassets */; };
		BA7CFED1199BC0F900D376F6 /* XCTest.framework in Frameworks */ = {isa = PBXBuildFile; fileRef = BA7CFED0199BC0F900D376F6 /* XCTest.framework */; };
		BA7CFED2199BC0F900D376F6 /* Foundation.framework in Frameworks */ = {isa = PBXBuildFile; fileRef = BA7CFEAE199BC0F900D376F6 /* Foundation.framework */; };
		BA7CFED3199BC0F900D376F6 /* UIKit.framework in Frameworks */ = {isa = PBXBuildFile; fileRef = BA7CFEB2199BC0F900D376F6 /* UIKit.framework */; };
		BA7CFEDB199BC0F900D376F6 /* InfoPlist.strings in Resources */ = {isa = PBXBuildFile; fileRef = BA7CFED9199BC0F900D376F6 /* InfoPlist.strings */; };
		BA7CFEDD199BC0F900D376F6 /* LoadingViewExampleTests.m in Sources */ = {isa = PBXBuildFile; fileRef = BA7CFEDC199BC0F900D376F6 /* LoadingViewExampleTests.m */; };
		BA7CFEE9199BC14C00D376F6 /* GlobalLoadingView.m in Sources */ = {isa = PBXBuildFile; fileRef = BA7CFEE7199BC14C00D376F6 /* GlobalLoadingView.m */; };
/* End PBXBuildFile section */

/* Begin PBXContainerItemProxy section */
		BA7CFED4199BC0F900D376F6 /* PBXContainerItemProxy */ = {
			isa = PBXContainerItemProxy;
			containerPortal = BA7CFEA3199BC0F900D376F6 /* Project object */;
			proxyType = 1;
			remoteGlobalIDString = BA7CFEAA199BC0F900D376F6;
			remoteInfo = LoadingViewExample;
		};
/* End PBXContainerItemProxy section */

/* Begin PBXFileReference section */
		BA7CFEAB199BC0F900D376F6 /* LoadingViewExample.app */ = {isa = PBXFileReference; explicitFileType = wrapper.application; includeInIndex = 0; path = LoadingViewExample.app; sourceTree = BUILT_PRODUCTS_DIR; };
		BA7CFEAE199BC0F900D376F6 /* Foundation.framework */ = {isa = PBXFileReference; lastKnownFileType = wrapper.framework; name = Foundation.framework; path = System/Library/Frameworks/Foundation.framework; sourceTree = SDKROOT; };
		BA7CFEB0199BC0F900D376F6 /* CoreGraphics.framework */ = {isa = PBXFileReference; lastKnownFileType = wrapper.framework; name = CoreGraphics.framework; path = System/Library/Frameworks/CoreGraphics.framework; sourceTree = SDKROOT; };
		BA7CFEB2199BC0F900D376F6 /* UIKit.framework */ = {isa = PBXFileReference; lastKnownFileType = wrapper.framework; name = UIKit.framework; path = System/Library/Frameworks/UIKit.framework; sourceTree = SDKROOT; };
		BA7CFEB6199BC0F900D376F6 /* LoadingViewExample-Info.plist */ = {isa = PBXFileReference; lastKnownFileType = text.plist.xml; path = "LoadingViewExample-Info.plist"; sourceTree = "<group>"; };
		BA7CFEB8199BC0F900D376F6 /* en */ = {isa = PBXFileReference; lastKnownFileType = text.plist.strings; name = en; path = en.lproj/InfoPlist.strings; sourceTree = "<group>"; };
		BA7CFEBA199BC0F900D376F6 /* main.m */ = {isa = PBXFileReference; lastKnownFileType = sourcecode.c.objc; path = main.m; sourceTree = "<group>"; };
		BA7CFEBC199BC0F900D376F6 /* LoadingViewExample-Prefix.pch */ = {isa = PBXFileReference; lastKnownFileType = sourcecode.c.h; path = "LoadingViewExample-Prefix.pch"; sourceTree = "<group>"; };
		BA7CFEBD199BC0F900D376F6 /* AppDelegate.h */ = {isa = PBXFileReference; lastKnownFileType = sourcecode.c.h; path = AppDelegate.h; sourceTree = "<group>"; };
		BA7CFEBE199BC0F900D376F6 /* AppDelegate.m */ = {isa = PBXFileReference; lastKnownFileType = sourcecode.c.objc; path = AppDelegate.m; sourceTree = "<group>"; };
		BA7CFEC1199BC0F900D376F6 /* Base */ = {isa = PBXFileReference; lastKnownFileType = file.storyboard; name = Base; path = Base.lproj/Main_iPhone.storyboard; sourceTree = "<group>"; };
		BA7CFEC4199BC0F900D376F6 /* Base */ = {isa = PBXFileReference; lastKnownFileType = file.storyboard; name = Base; path = Base.lproj/Main_iPad.storyboard; sourceTree = "<group>"; };
		BA7CFEC6199BC0F900D376F6 /* ViewController.h */ = {isa = PBXFileReference; lastKnownFileType = sourcecode.c.h; path = ViewController.h; sourceTree = "<group>"; };
		BA7CFEC7199BC0F900D376F6 /* ViewController.m */ = {isa = PBXFileReference; lastKnownFileType = sourcecode.c.objc; path = ViewController.m; sourceTree = "<group>"; };
		BA7CFEC9199BC0F900D376F6 /* Images.xcassets */ = {isa = PBXFileReference; lastKnownFileType = folder.assetcatalog; path = Images.xcassets; sourceTree = "<group>"; };
		BA7CFECF199BC0F900D376F6 /* LoadingViewExampleTests.xctest */ = {isa = PBXFileReference; explicitFileType = wrapper.cfbundle; includeInIndex = 0; path = LoadingViewExampleTests.xctest; sourceTree = BUILT_PRODUCTS_DIR; };
		BA7CFED0199BC0F900D376F6 /* XCTest.framework */ = {isa = PBXFileReference; lastKnownFileType = wrapper.framework; name = XCTest.framework; path = Library/Frameworks/XCTest.framework; sourceTree = DEVELOPER_DIR; };
		BA7CFED8199BC0F900D376F6 /* LoadingViewExampleTests-Info.plist */ = {isa = PBXFileReference; lastKnownFileType = text.plist.xml; path = "LoadingViewExampleTests-Info.plist"; sourceTree = "<group>"; };
		BA7CFEDA199BC0F900D376F6 /* en */ = {isa = PBXFileReference; lastKnownFileType = text.plist.strings; name = en; path = en.lproj/InfoPlist.strings; sourceTree = "<group>"; };
		BA7CFEDC199BC0F900D376F6 /* LoadingViewExampleTests.m */ = {isa = PBXFileReference; lastKnownFileType = sourcecode.c.objc; path = LoadingViewExampleTests.m; sourceTree = "<group>"; };
		BA7CFEE6199BC14C00D376F6 /* GlobalLoadingView.h */ = {isa = PBXFileReference; fileEncoding = 4; lastKnownFileType = sourcecode.c.h; name = GlobalLoadingView.h; path = ../../../GlobalLoadingView.h; sourceTree = "<group>"; };
		BA7CFEE7199BC14C00D376F6 /* GlobalLoadingView.m */ = {isa = PBXFileReference; fileEncoding = 4; lastKnownFileType = sourcecode.c.objc; name = GlobalLoadingView.m; path = ../../../GlobalLoadingView.m; sourceTree = "<group>"; };
/* End PBXFileReference section */

/* Begin PBXFrameworksBuildPhase section */
		BA7CFEA8199BC0F900D376F6 /* Frameworks */ = {
			isa = PBXFrameworksBuildPhase;
			buildActionMask = 2147483647;
			files = (
				BA7CFEB1199BC0F900D376F6 /* CoreGraphics.framework in Frameworks */,
				BA7CFEB3199BC0F900D376F6 /* UIKit.framework in Frameworks */,
				BA7CFEAF199BC0F900D376F6 /* Foundation.framework in Frameworks */,
			);
			runOnlyForDeploymentPostprocessing = 0;
		};
		BA7CFECC199BC0F900D376F6 /* Frameworks */ = {
			isa = PBXFrameworksBuildPhase;
			buildActionMask = 2147483647;
			files = (
				BA7CFED1199BC0F900D376F6 /* XCTest.framework in Frameworks */,
				BA7CFED3199BC0F900D376F6 /* UIKit.framework in Frameworks */,
				BA7CFED2199BC0F900D376F6 /* Foundation.framework in Frameworks */,
			);
			runOnlyForDeploymentPostprocessing = 0;
		};
/* End PBXFrameworksBuildPhase section */

/* Begin PBXGroup section */
		BA7CFEA2199BC0F800D376F6 = {
			isa = PBXGroup;
			children = (
				BA7CFEB4199BC0F900D376F6 /* LoadingViewExample */,
				BA7CFED6199BC0F900D376F6 /* LoadingViewExampleTests */,
				BA7CFEAD199BC0F900D376F6 /* Frameworks */,
				BA7CFEAC199BC0F900D376F6 /* Products */,
			);
			sourceTree = "<group>";
		};
		BA7CFEAC199BC0F900D376F6 /* Products */ = {
			isa = PBXGroup;
			children = (
				BA7CFEAB199BC0F900D376F6 /* LoadingViewExample.app */,
				BA7CFECF199BC0F900D376F6 /* LoadingViewExampleTests.xctest */,
			);
			name = Products;
			sourceTree = "<group>";
		};
		BA7CFEAD199BC0F900D376F6 /* Frameworks */ = {
			isa = PBXGroup;
			children = (
				BA7CFEAE199BC0F900D376F6 /* Foundation.framework */,
				BA7CFEB0199BC0F900D376F6 /* CoreGraphics.framework */,
				BA7CFEB2199BC0F900D376F6 /* UIKit.framework */,
				BA7CFED0199BC0F900D376F6 /* XCTest.framework */,
			);
			name = Frameworks;
			sourceTree = "<group>";
		};
		BA7CFEB4199BC0F900D376F6 /* LoadingViewExample */ = {
			isa = PBXGroup;
			children = (
				BA7CFEE6199BC14C00D376F6 /* GlobalLoadingView.h */,
				BA7CFEE7199BC14C00D376F6 /* GlobalLoadingView.m */,
				BA7CFEBD199BC0F900D376F6 /* AppDelegate.h */,
				BA7CFEBE199BC0F900D376F6 /* AppDelegate.m */,
				BA7CFEC0199BC0F900D376F6 /* Main_iPhone.storyboard */,
				BA7CFEC3199BC0F900D376F6 /* Main_iPad.storyboard */,
				BA7CFEC6199BC0F900D376F6 /* ViewController.h */,
				BA7CFEC7199BC0F900D376F6 /* ViewController.m */,
				BA7CFEC9199BC0F900D376F6 /* Images.xcassets */,
				BA7CFEB5199BC0F900D376F6 /* Supporting Files */,
			);
			path = LoadingViewExample;
			sourceTree = "<group>";
		};
		BA7CFEB5199BC0F900D376F6 /* Supporting Files */ = {
			isa = PBXGroup;
			children = (
				BA7CFEB6199BC0F900D376F6 /* LoadingViewExample-Info.plist */,
				BA7CFEB7199BC0F900D376F6 /* InfoPlist.strings */,
				BA7CFEBA199BC0F900D376F6 /* main.m */,
				BA7CFEBC199BC0F900D376F6 /* LoadingViewExample-Prefix.pch */,
			);
			name = "Supporting Files";
			sourceTree = "<group>";
		};
		BA7CFED6199BC0F900D376F6 /* LoadingViewExampleTests */ = {
			isa = PBXGroup;
			children = (
				BA7CFEDC199BC0F900D376F6 /* LoadingViewExampleTests.m */,
				BA7CFED7199BC0F900D376F6 /* Supporting Files */,
			);
			path = LoadingViewExampleTests;
			sourceTree = "<group>";
		};
		BA7CFED7199BC0F900D376F6 /* Supporting Files */ = {
			isa = PBXGroup;
			children = (
				BA7CFED8199BC0F900D376F6 /* LoadingViewExampleTests-Info.plist */,
				BA7CFED9199BC0F900D376F6 /* InfoPlist.strings */,
			);
			name = "Supporting Files";
			sourceTree = "<group>";
		};
/* End PBXGroup section */

/* Begin PBXNativeTarget section */
		BA7CFEAA199BC0F900D376F6 /* LoadingViewExample */ = {
			isa = PBXNativeTarget;
			buildConfigurationList = BA7CFEE0199BC0F900D376F6 /* Build configuration list for PBXNativeTarget "LoadingViewExample" */;
			buildPhases = (
				BA7CFEA7199BC0F900D376F6 /* Sources */,
				BA7CFEA8199BC0F900D376F6 /* Frameworks */,
				BA7CFEA9199BC0F900D376F6 /* Resources */,
			);
			buildRules = (
			);
			dependencies = (
			);
			name = LoadingViewExample;
			productName = LoadingViewExample;
			productReference = BA7CFEAB199BC0F900D376F6 /* LoadingViewExample.app */;
			productType = "com.apple.product-type.application";
		};
		BA7CFECE199BC0F900D376F6 /* LoadingViewExampleTests */ = {
			isa = PBXNativeTarget;
			buildConfigurationList = BA7CFEE3199BC0F900D376F6 /* Build configuration list for PBXNativeTarget "LoadingViewExampleTests" */;
			buildPhases = (
				BA7CFECB199BC0F900D376F6 /* Sources */,
				BA7CFECC199BC0F900D376F6 /* Frameworks */,
				BA7CFECD199BC0F900D376F6 /* Resources */,
			);
			buildRules = (
			);
			dependencies = (
				BA7CFED5199BC0F900D376F6 /* PBXTargetDependency */,
			);
			name = LoadingViewExampleTests;
			productName = LoadingViewExampleTests;
			productReference = BA7CFECF199BC0F900D376F6 /* LoadingViewExampleTests.xctest */;
			productType = "com.apple.product-type.bundle.unit-test";
		};
/* End PBXNativeTarget section */

/* Begin PBXProject section */
		BA7CFEA3199BC0F900D376F6 /* Project object */ = {
			isa = PBXProject;
			attributes = {
				LastUpgradeCheck = 0510;
				ORGANIZATIONNAME = Henry;
				TargetAttributes = {
					BA7CFECE199BC0F900D376F6 = {
						TestTargetID = BA7CFEAA199BC0F900D376F6;
					};
				};
			};
			buildConfigurationList = BA7CFEA6199BC0F900D376F6 /* Build configuration list for PBXProject "LoadingViewExample" */;
			compatibilityVersion = "Xcode 3.2";
			developmentRegion = English;
			hasScannedForEncodings = 0;
			knownRegions = (
				en,
				Base,
			);
			mainGroup = BA7CFEA2199BC0F800D376F6;
			productRefGroup = BA7CFEAC199BC0F900D376F6 /* Products */;
			projectDirPath = "";
			projectRoot = "";
			targets = (
				BA7CFEAA199BC0F900D376F6 /* LoadingViewExample */,
				BA7CFECE199BC0F900D376F6 /* LoadingViewExampleTests */,
			);
		};
/* End PBXProject section */

/* Begin PBXResourcesBuildPhase section */
		BA7CFEA9199BC0F900D376F6 /* Resources */ = {
			isa = PBXResourcesBuildPhase;
			buildActionMask = 2147483647;
			files = (
				BA7CFEC5199BC0F900D376F6 /* Main_iPad.storyboard in Resources */,
				BA7CFECA199BC0F900D376F6 /* Images.xcassets in Resources */,
				BA7CFEC2199BC0F900D376F6 /* Main_iPhone.storyboard in Resources */,
				BA7CFEB9199BC0F900D376F6 /* InfoPlist.strings in Resources */,
			);
			runOnlyForDeploymentPostprocessing = 0;
		};
		BA7CFECD199BC0F900D376F6 /* Resources */ = {
			isa = PBXResourcesBuildPhase;
			buildActionMask = 2147483647;
			files = (
				BA7CFEDB199BC0F900D376F6 /* InfoPlist.strings in Resources */,
			);
			runOnlyForDeploymentPostprocessing = 0;
		};
/* End PBXResourcesBuildPhase section */

/* Begin PBXSourcesBuildPhase section */
		BA7CFEA7199BC0F900D376F6 /* Sources */ = {
			isa = PBXSourcesBuildPhase;
			buildActionMask = 2147483647;
			files = (
				BA7CFEE9199BC14C00D376F6 /* GlobalLoadingView.m in Sources */,
				BA7CFEC8199BC0F900D376F6 /* ViewController.m in Sources */,
				BA7CFEBF199BC0F900D376F6 /* AppDelegate.m in Sources */,
				BA7CFEBB199BC0F900D376F6 /* main.m in Sources */,
			);
			runOnlyForDeploymentPostprocessing = 0;
		};
		BA7CFECB199BC0F900D376F6 /* Sources */ = {
			isa = PBXSourcesBuildPhase;
			buildActionMask = 2147483647;
			files = (
				BA7CFEDD199BC0F900D376F6 /* LoadingViewExampleTests.m in Sources */,
			);
			runOnlyForDeploymentPostprocessing = 0;
		};
/* End PBXSourcesBuildPhase section */

/* Begin PBXTargetDependency section */
		BA7CFED5199BC0F900D376F6 /* PBXTargetDependency */ = {
			isa = PBXTargetDependency;
			target = BA7CFEAA199BC0F900D376F6 /* LoadingViewExample */;
			targetProxy = BA7CFED4199BC0F900D376F6 /* PBXContainerItemProxy */;
		};
/* End PBXTargetDependency section */

/* Begin PBXVariantGroup section */
		BA7CFEB7199BC0F900D376F6 /* InfoPlist.strings */ = {
			isa = PBXVariantGroup;
			children = (
				BA7CFEB8199BC0F900D376F6 /* en */,
			);
			name = InfoPlist.strings;
			sourceTree = "<group>";
		};
		BA7CFEC0199BC0F900D376F6 /* Main_iPhone.storyboard */ = {
			isa = PBXVariantGroup;
			children = (
				BA7CFEC1199BC0F900D376F6 /* Base */,
			);
			name = Main_iPhone.storyboard;
			sourceTree = "<group>";
		};
		BA7CFEC3199BC0F900D376F6 /* Main_iPad.storyboard */ = {
			isa = PBXVariantGroup;
			children = (
				BA7CFEC4199BC0F900D376F6 /* Base */,
			);
			name = Main_iPad.storyboard;
			sourceTree = "<group>";
		};
		BA7CFED9199BC0F900D376F6 /* InfoPlist.strings */ = {
			isa = PBXVariantGroup;
			children = (
				BA7CFEDA199BC0F900D376F6 /* en */,
			);
			name = InfoPlist.strings;
			sourceTree = "<group>";
		};
/* End PBXVariantGroup section */

/* Begin XCBuildConfiguration section */
		BA7CFEDE199BC0F900D376F6 /* Debug */ = {
			isa = XCBuildConfiguration;
			buildSettings = {
				ALWAYS_SEARCH_USER_PATHS = NO;
				CLANG_CXX_LANGUAGE_STANDARD = "gnu++0x";
				CLANG_CXX_LIBRARY = "libc++";
				CLANG_ENABLE_MODULES = YES;
				CLANG_ENABLE_OBJC_ARC = YES;
				CLANG_WARN_BOOL_CONVERSION = YES;
				CLANG_WARN_CONSTANT_CONVERSION = YES;
				CLANG_WARN_DIRECT_OBJC_ISA_USAGE = YES_ERROR;
				CLANG_WARN_EMPTY_BODY = YES;
				CLANG_WARN_ENUM_CONVERSION = YES;
				CLANG_WARN_INT_CONVERSION = YES;
				CLANG_WARN_OBJC_ROOT_CLASS = YES_ERROR;
				CLANG_WARN__DUPLICATE_METHOD_MATCH = YES;
				"CODE_SIGN_IDENTITY[sdk=iphoneos*]" = "iPhone Developer";
				COPY_PHASE_STRIP = NO;
				GCC_C_LANGUAGE_STANDARD = gnu99;
				GCC_DYNAMIC_NO_PIC = NO;
				GCC_OPTIMIZATION_LEVEL = 0;
				GCC_PREPROCESSOR_DEFINITIONS = (
					"DEBUG=1",
					"$(inherited)",
				);
				GCC_SYMBOLS_PRIVATE_EXTERN = NO;
				GCC_WARN_64_TO_32_BIT_CONVERSION = YES;
				GCC_WARN_ABOUT_RETURN_TYPE = YES_ERROR;
				GCC_WARN_UNDECLARED_SELECTOR = YES;
				GCC_WARN_UNINITIALIZED_AUTOS = YES_AGGRESSIVE;
				GCC_WARN_UNUSED_FUNCTION = YES;
				GCC_WARN_UNUSED_VARIABLE = YES;
				IPHONEOS_DEPLOYMENT_TARGET = 7.1;
				ONLY_ACTIVE_ARCH = YES;
				SDKROOT = iphoneos;
				TARGETED_DEVICE_FAMILY = "1,2";
			};
			name = Debug;
		};
		BA7CFEDF199BC0F900D376F6 /* Release */ = {
			isa = XCBuildConfiguration;
			buildSettings = {
				ALWAYS_SEARCH_USER_PATHS = NO;
				CLANG_CXX_LANGUAGE_STANDARD = "gnu++0x";
				CLANG_CXX_LIBRARY = "libc++";
				CLANG_ENABLE_MODULES = YES;
				CLANG_ENABLE_OBJC_ARC = YES;
				CLANG_WARN_BOOL_CONVERSION = YES;
				CLANG_WARN_CONSTANT_CONVERSION = YES;
				CLANG_WARN_DIRECT_OBJC_ISA_USAGE = YES_ERROR;
				CLANG_WARN_EMPTY_BODY = YES;
				CLANG_WARN_ENUM_CONVERSION = YES;
				CLANG_WARN_INT_CONVERSION = YES;
				CLANG_WARN_OBJC_ROOT_CLASS = YES_ERROR;
				CLANG_WARN__DUPLICATE_METHOD_MATCH = YES;
				"CODE_SIGN_IDENTITY[sdk=iphoneos*]" = "iPhone Developer";
				COPY_PHASE_STRIP = YES;
				ENABLE_NS_ASSERTIONS = NO;
				GCC_C_LANGUAGE_STANDARD = gnu99;
				GCC_WARN_64_TO_32_BIT_CONVERSION = YES;
				GCC_WARN_ABOUT_RETURN_TYPE = YES_ERROR;
				GCC_WARN_UNDECLARED_SELECTOR = YES;
				GCC_WARN_UNINITIALIZED_AUTOS = YES_AGGRESSIVE;
				GCC_WARN_UNUSED_FUNCTION = YES;
				GCC_WARN_UNUSED_VARIABLE = YES;
				IPHONEOS_DEPLOYMENT_TARGET = 7.1;
				SDKROOT = iphoneos;
				TARGETED_DEVICE_FAMILY = "1,2";
				VALIDATE_PRODUCT = YES;
			};
			name = Release;
		};
		BA7CFEE1199BC0F900D376F6 /* Debug */ = {
			isa = XCBuildConfiguration;
			buildSettings = {
				ASSETCATALOG_COMPILER_APPICON_NAME = AppIcon;
				ASSETCATALOG_COMPILER_LAUNCHIMAGE_NAME = LaunchImage;
				GCC_PRECOMPILE_PREFIX_HEADER = YES;
				GCC_PREFIX_HEADER = "LoadingViewExample/LoadingViewExample-Prefix.pch";
				INFOPLIST_FILE = "LoadingViewExample/LoadingViewExample-Info.plist";
				IPHONEOS_DEPLOYMENT_TARGET = 6.0;
				PRODUCT_NAME = "$(TARGET_NAME)";
				TARGETED_DEVICE_FAMILY = 1;
				WRAPPER_EXTENSION = app;
			};
			name = Debug;
		};
		BA7CFEE2199BC0F900D376F6 /* Release */ = {
			isa = XCBuildConfiguration;
			buildSettings = {
				ASSETCATALOG_COMPILER_APPICON_NAME = AppIcon;
				ASSETCATALOG_COMPILER_LAUNCHIMAGE_NAME = LaunchImage;
				GCC_PRECOMPILE_PREFIX_HEADER = YES;
				GCC_PREFIX_HEADER = "LoadingViewExample/LoadingViewExample-Prefix.pch";
				INFOPLIST_FILE = "LoadingViewExample/LoadingViewExample-Info.plist";
				IPHONEOS_DEPLOYMENT_TARGET = 6.0;
				PRODUCT_NAME = "$(TARGET_NAME)";
				TARGETED_DEVICE_FAMILY = 1;
				WRAPPER_EXTENSION = app;
			};
			name = Release;
		};
		BA7CFEE4199BC0F900D376F6 /* Debug */ = {
			isa = XCBuildConfiguration;
			buildSettings = {
				BUNDLE_LOADER = "$(BUILT_PRODUCTS_DIR)/LoadingViewExample.app/LoadingViewExample";
				FRAMEWORK_SEARCH_PATHS = (
					"$(SDKROOT)/Developer/Library/Frameworks",
					"$(inherited)",
					"$(DEVELOPER_FRAMEWORKS_DIR)",
				);
				GCC_PRECOMPILE_PREFIX_HEADER = YES;
				GCC_PREFIX_HEADER = "LoadingViewExample/LoadingViewExample-Prefix.pch";
				GCC_PREPROCESSOR_DEFINITIONS = (
					"DEBUG=1",
					"$(inherited)",
				);
				INFOPLIST_FILE = "LoadingViewExampleTests/LoadingViewExampleTests-Info.plist";
				PRODUCT_NAME = "$(TARGET_NAME)";
				TEST_HOST = "$(BUNDLE_LOADER)";
				WRAPPER_EXTENSION = xctest;
			};
			name = Debug;
		};
		BA7CFEE5199BC0F900D376F6 /* Release */ = {
			isa = XCBuildConfiguration;
			buildSettings = {
				BUNDLE_LOADER = "$(BUILT_PRODUCTS_DIR)/LoadingViewExample.app/LoadingViewExample";
				FRAMEWORK_SEARCH_PATHS = (
					"$(SDKROOT)/Developer/Library/Frameworks",
					"$(inherited)",
					"$(DEVELOPER_FRAMEWORKS_DIR)",
				);
				GCC_PRECOMPILE_PREFIX_HEADER = YES;
				GCC_PREFIX_HEADER = "LoadingViewExample/LoadingViewExample-Prefix.pch";
				INFOPLIST_FILE = "LoadingViewExampleTests/LoadingViewExampleTests-Info.plist";
				PRODUCT_NAME = "$(TARGET_NAME)";
				TEST_HOST = "$(BUNDLE_LOADER)";
				WRAPPER_EXTENSION = xctest;
			};
			name = Release;
		};
/* End XCBuildConfiguration section */

/* Begin XCConfigurationList section */
		BA7CFEA6199BC0F900D376F6 /* Build configuration list for PBXProject "LoadingViewExample" */ = {
			isa = XCConfigurationList;
			buildConfigurations = (
				BA7CFEDE199BC0F900D376F6 /* Debug */,
				BA7CFEDF199BC0F900D376F6 /* Release */,
			);
			defaultConfigurationIsVisible = 0;
			defaultConfigurationName = Release;
		};
		BA7CFEE0199BC0F900D376F6 /* Build configuration list for PBXNativeTarget "LoadingViewExample" */ = {
			isa = XCConfigurationList;
			buildConfigurations = (
				BA7CFEE1199BC0F900D376F6 /* Debug */,
				BA7CFEE2199BC0F900D376F6 /* Release */,
			);
			defaultConfigurationIsVisible = 0;
			defaultConfigurationName = Release;
		};
		BA7CFEE3199BC0F900D376F6 /* Build configuration list for PBXNativeTarget "LoadingViewExampleTests" */ = {
			isa = XCConfigurationList;
			buildConfigurations = (
				BA7CFEE4199BC0F900D376F6 /* Debug */,
				BA7CFEE5199BC0F900D376F6 /* Release */,
			);
			defaultConfigurationIsVisible = 0;
			defaultConfigurationName = Release;
		};
/* End XCConfigurationList section */
	};
	rootObject = BA7CFEA3199BC0F900D376F6 /* Project object */;
}
